uuid: 7193d2df-a54d-400e-b138-63a5f2681fe8
langcode: en
status: true
dependencies:
  config:
    - views.view.alerts
  module:
    - views
  theme:
    - yale_infosec
id: alerts_block
theme: yale_infosec
region: content
weight: -4
provider: null
plugin: 'views_block:alerts-block_1'
settings:
  id: 'views_block:alerts-block_1'
  label: ''
  provider: views
  label_display: '0'
  views_label: ''
  items_per_page: none
visibility: {  }
